
Microsoft Visual Studio Solution File, Format Version 12.00
# Visual Studio 14
VisualStudioVersion = 14.0.25420.1
MinimumVisualStudioVersion = 10.0.40219.1
Project("{FAE04EC0-301F-11D3-BF4B-00C04F79EFBC}") = "MaxPainChart", "MaxPainChart\MaxPainChart.csproj", "{CE25552D-511F-4144-B06C-3B495C3F9DFE}"
EndProject
Project("{FAE04EC0-301F-11D3-BF4B-00C04F79EFBC}") = "MaxPainChart.Tests", "MaxPainChart.Tests\MaxPainChart.Tests.csproj", "{CCC2C10F-6403-491D-A165-9158CC5144AB}"
EndProject
Global
	GlobalSection(SolutionConfigurationPlatforms) = preSolution
		Debug|Any CPU = Debug|Any CPU
		Release|Any CPU = Release|Any CPU
	EndGlobalSection
	GlobalSection(ProjectConfigurationPlatforms) = postSolution
		{CE25552D-511F-4144-B06C-3B495C3F9DFE}.Debug|Any CPU.ActiveCfg = Debug|Any CPU
		{CE25552D-511F-4144-B06C-3B495C3F9DFE}.Debug|Any CPU.Build.0 = Debug|Any CPU
		{CE25552D-511F-4144-B06C-3B495C3F9DFE}.Release|Any CPU.ActiveCfg = Release|Any CPU
		{CE25552D-511F-4144-B06C-3B495C3F9DFE}.Release|Any CPU.Build.0 = Release|Any CPU
		{CCC2C10F-6403-491D-A165-9158CC5144AB}.Debug|Any CPU.ActiveCfg = Debug|Any CPU
		{CCC2C10F-6403-491D-A165-9158CC5144AB}.Debug|Any CPU.Build.0 = Debug|Any CPU
		{CCC2C10F-6403-491D-A165-9158CC5144AB}.Release|Any CPU.ActiveCfg = Release|Any CPU
		{CCC2C10F-6403-491D-A165-9158CC5144AB}.Release|Any CPU.Build.0 = Release|Any CPU
	EndGlobalSection
	GlobalSection(SolutionProperties) = preSolution
		HideSolutionNode = FALSE
	EndGlobalSection
EndGlobal
